{
    "version": 3,
    "terraform_version": "0.11.9",
    "serial": 9,
    "lineage": "faf01336-7d89-2d8c-a3d0-893dba90ac2a",
    "modules": [
        {
            "path": [
                "root"
            ],
            "outputs": {},
            "resources": {
                "aws_internet_gateway.Terraform-internetgateway": {
                    "type": "aws_internet_gateway",
                    "depends_on": [
                        "aws_vpc.Terraform-Vpc"
                    ],
                    "primary": {
                        "id": "igw-03851dca6214adc4e",
                        "attributes": {
                            "arn": "arn:aws:ec2:us-east-1:392378122658:internet-gateway/igw-03851dca6214adc4e",
                            "id": "igw-03851dca6214adc4e",
                            "owner_id": "392378122658",
                            "tags.%": "1",
                            "tags.Name": "Terraform-internetgateway",
                            "vpc_id": "vpc-0af4459c4c9a6a8b0"
                        },
                        "meta": {},
                        "tainted": false
                    },
                    "deposed": [],
                    "provider": "provider.aws"
                },
                "aws_route.Terraform-addRoute": {
                    "type": "aws_route",
                    "depends_on": [
                        "aws_internet_gateway.Terraform-internetgateway",
                        "aws_route_table.Terraform-createroutetable"
                    ],
                    "primary": {
                        "id": "r-rtb-052a41b935c3ff1ed1080289494",
                        "attributes": {
                            "destination_cidr_block": "0.0.0.0/0",
                            "destination_ipv6_cidr_block": "",
                            "destination_prefix_list_id": "",
                            "egress_only_gateway_id": "",
                            "gateway_id": "igw-03851dca6214adc4e",
                            "id": "r-rtb-052a41b935c3ff1ed1080289494",
                            "instance_id": "",
                            "instance_owner_id": "",
                            "nat_gateway_id": "",
                            "network_interface_id": "",
                            "origin": "CreateRoute",
                            "route_table_id": "rtb-052a41b935c3ff1ed",
                            "state": "active",
                            "transit_gateway_id": "",
                            "vpc_peering_connection_id": ""
                        },
                        "meta": {
                            "e2bfb730-ecaa-11e6-8f88-34363bc7c4c0": {
                                "create": 120000000000,
                                "delete": 300000000000
                            }
                        },
                        "tainted": false
                    },
                    "deposed": [],
                    "provider": "provider.aws"
                },
                "aws_route_table.Terraform-createroutetable": {
                    "type": "aws_route_table",
                    "depends_on": [
                        "aws_vpc.Terraform-Vpc"
                    ],
                    "primary": {
                        "id": "rtb-052a41b935c3ff1ed",
                        "attributes": {
                            "id": "rtb-052a41b935c3ff1ed",
                            "owner_id": "392378122658",
                            "propagating_vgws.#": "0",
                            "route.#": "0",
                            "tags.%": "1",
                            "tags.Name": "Terraform-Terraform-createroutetable",
                            "vpc_id": "vpc-0af4459c4c9a6a8b0"
                        },
                        "meta": {},
                        "tainted": false
                    },
                    "deposed": [],
                    "provider": "provider.aws"
                },
                "aws_route_table_association.Terraform-tableassociation-1": {
                    "type": "aws_route_table_association",
                    "depends_on": [
                        "aws_route_table.Terraform-createroutetable",
                        "aws_subnet.Terraform-subnet-1"
                    ],
                    "primary": {
                        "id": "rtbassoc-03f84cb9d1c1a13d0",
                        "attributes": {
                            "id": "rtbassoc-03f84cb9d1c1a13d0",
                            "route_table_id": "rtb-052a41b935c3ff1ed",
                            "subnet_id": "subnet-0a26389061bf1113b"
                        },
                        "meta": {},
                        "tainted": false
                    },
                    "deposed": [],
                    "provider": "provider.aws"
                },
                "aws_route_table_association.Terraform-tableassociation-2": {
                    "type": "aws_route_table_association",
                    "depends_on": [
                        "aws_route_table.Terraform-createroutetable",
                        "aws_subnet.Terraform-subnet-2"
                    ],
                    "primary": {
                        "id": "rtbassoc-01855790fdf55a2dd",
                        "attributes": {
                            "id": "rtbassoc-01855790fdf55a2dd",
                            "route_table_id": "rtb-052a41b935c3ff1ed",
                            "subnet_id": "subnet-0291bd1a5c2d13e4c"
                        },
                        "meta": {},
                        "tainted": false
                    },
                    "deposed": [],
                    "provider": "provider.aws"
                },
                "aws_subnet.Terraform-subnet-1": {
                    "type": "aws_subnet",
                    "depends_on": [
                        "aws_vpc.Terraform-Vpc"
                    ],
                    "primary": {
                        "id": "subnet-0a26389061bf1113b",
                        "attributes": {
                            "arn": "arn:aws:ec2:us-east-1:392378122658:subnet/subnet-0a26389061bf1113b",
                            "assign_ipv6_address_on_creation": "false",
                            "availability_zone": "us-east-1a",
                            "availability_zone_id": "use1-az1",
                            "cidr_block": "10.1.1.0/24",
                            "id": "subnet-0a26389061bf1113b",
                            "ipv6_cidr_block": "",
                            "ipv6_cidr_block_association_id": "",
                            "map_public_ip_on_launch": "true",
                            "outpost_arn": "",
                            "owner_id": "392378122658",
                            "tags.%": "1",
                            "tags.Name": "Terraform-subnet-1",
                            "vpc_id": "vpc-0af4459c4c9a6a8b0"
                        },
                        "meta": {
                            "e2bfb730-ecaa-11e6-8f88-34363bc7c4c0": {
                                "create": 600000000000,
                                "delete": 1200000000000
                            },
                            "schema_version": "1"
                        },
                        "tainted": false
                    },
                    "deposed": [],
                    "provider": "provider.aws"
                },
                "aws_subnet.Terraform-subnet-2": {
                    "type": "aws_subnet",
                    "depends_on": [
                        "aws_vpc.Terraform-Vpc"
                    ],
                    "primary": {
                        "id": "subnet-0291bd1a5c2d13e4c",
                        "attributes": {
                            "arn": "arn:aws:ec2:us-east-1:392378122658:subnet/subnet-0291bd1a5c2d13e4c",
                            "assign_ipv6_address_on_creation": "false",
                            "availability_zone": "us-east-1b",
                            "availability_zone_id": "use1-az2",
                            "cidr_block": "10.1.2.0/24",
                            "id": "subnet-0291bd1a5c2d13e4c",
                            "ipv6_cidr_block": "",
                            "ipv6_cidr_block_association_id": "",
                            "map_public_ip_on_launch": "true",
                            "outpost_arn": "",
                            "owner_id": "392378122658",
                            "tags.%": "1",
                            "tags.Name": "Terraform-subnet-2",
                            "vpc_id": "vpc-0af4459c4c9a6a8b0"
                        },
                        "meta": {
                            "e2bfb730-ecaa-11e6-8f88-34363bc7c4c0": {
                                "create": 600000000000,
                                "delete": 1200000000000
                            },
                            "schema_version": "1"
                        },
                        "tainted": false
                    },
                    "deposed": [],
                    "provider": "provider.aws"
                },
                "aws_vpc.Terraform-Vpc": {
                    "type": "aws_vpc",
                    "depends_on": [],
                    "primary": {
                        "id": "vpc-0af4459c4c9a6a8b0",
                        "attributes": {
                            "arn": "arn:aws:ec2:us-east-1:392378122658:vpc/vpc-0af4459c4c9a6a8b0",
                            "assign_generated_ipv6_cidr_block": "false",
                            "cidr_block": "10.1.0.0/16",
                            "default_network_acl_id": "acl-0ac5e4953972d7919",
                            "default_route_table_id": "rtb-05b72bedbd6a2297f",
                            "default_security_group_id": "sg-0e29ddb47661f4c76",
                            "dhcp_options_id": "dopt-028fd102f52159ef9",
                            "enable_classiclink": "false",
                            "enable_classiclink_dns_support": "false",
                            "enable_dns_hostnames": "true",
                            "enable_dns_support": "true",
                            "id": "vpc-0af4459c4c9a6a8b0",
                            "instance_tenancy": "default",
                            "ipv6_association_id": "",
                            "ipv6_cidr_block": "",
                            "main_route_table_id": "rtb-05b72bedbd6a2297f",
                            "owner_id": "392378122658",
                            "tags.%": "1",
                            "tags.Name": "Terraform-Vpc"
                        },
                        "meta": {
                            "schema_version": "1"
                        },
                        "tainted": false
                    },
                    "deposed": [],
                    "provider": "provider.aws"
                }
            },
            "depends_on": []
        }
    ]
}
